
Microsoft Visual Studio Solution File, Format Version 12.00
# Visual Studio Version 17
VisualStudioVersion = 17.8.34330.188
MinimumVisualStudioVersion = 10.0.40219.1
Project("{FAE04EC0-301F-11D3-BF4B-00C04F79EFBC}") = "FileDownloaderApp", "FileDownloaderApp\FileDownloaderApp.csproj", "{EF9F56B0-67F3-4FB7-BBB8-0805F7AEDDB3}"
EndProject
Global
	GlobalSection(SolutionConfigurationPlatforms) = preSolution
		Debug|Any CPU = Debug|Any CPU
		Release|Any CPU = Release|Any CPU
	EndGlobalSection
	GlobalSection(ProjectConfigurationPlatforms) = postSolution
		{EF9F56B0-67F3-4FB7-BBB8-0805F7AEDDB3}.Debug|Any CPU.ActiveCfg = Debug|Any CPU
		{EF9F56B0-67F3-4FB7-BBB8-0805F7AEDDB3}.Debug|Any CPU.Build.0 = Debug|Any CPU
		{EF9F56B0-67F3-4FB7-BBB8-0805F7AEDDB3}.Release|Any CPU.ActiveCfg = Release|Any CPU
		{EF9F56B0-67F3-4FB7-BBB8-0805F7AEDDB3}.Release|Any CPU.Build.0 = Release|Any CPU
	EndGlobalSection
	GlobalSection(SolutionProperties) = preSolution
		HideSolutionNode = FALSE
	EndGlobalSection
	GlobalSection(ExtensibilityGlobals) = postSolution
		SolutionGuid = {9562FBA1-758B-4BBE-844D-A2E591CC96C2}
	EndGlobalSection
EndGlobal
